
Microsoft Visual Studio Solution File, Format Version 12.00
# Visual Studio Version 17
VisualStudioVersion = 17.12.35707.178 d17.12
MinimumVisualStudioVersion = 10.0.40219.1
Project("{FAE04EC0-301F-11D3-BF4B-00C04F79EFBC}") = "PcShop.Api", "PcShop\PcShop.Api.csproj", "{4AFC6480-7BA0-4E6D-959D-3549FC0BE8B9}"
EndProject
Project("{FAE04EC0-301F-11D3-BF4B-00C04F79EFBC}") = "PcShop.AppHost", "PcShop.AppHost\PcShop.AppHost.csproj", "{2646FE31-BF7F-4EE5-BA8E-135982E12805}"
EndProject
Project("{FAE04EC0-301F-11D3-BF4B-00C04F79EFBC}") = "PcShop.ServiceDefaults", "PcShop.ServiceDefaults\PcShop.ServiceDefaults.csproj", "{DAC41D84-2976-490B-93F0-34F2641E0F51}"
EndProject
Project("{FAE04EC0-301F-11D3-BF4B-00C04F79EFBC}") = "PcShop.Domain", "PcShop.Domain\PcShop.Domain.csproj", "{BD6C7770-0C48-449D-AF16-507B1C9D92A7}"
EndProject
Project("{FAE04EC0-301F-11D3-BF4B-00C04F79EFBC}") = "PcShop.Infrastructure", "PcShop.Infrastructure\PcShop.Infrastructure.csproj", "{74E5AD0E-0443-41B7-AA7D-DD424558700B}"
EndProject
Project("{FAE04EC0-301F-11D3-BF4B-00C04F79EFBC}") = "PcShop.Shared", "PcShop.Shared\PcShop.Shared.csproj", "{91839529-E24B-43EA-AE07-4CAEE0FA6D2B}"
EndProject
Global
	GlobalSection(SolutionConfigurationPlatforms) = preSolution
		Debug|Any CPU = Debug|Any CPU
		Release|Any CPU = Release|Any CPU
	EndGlobalSection
	GlobalSection(ProjectConfigurationPlatforms) = postSolution
		{4AFC6480-7BA0-4E6D-959D-3549FC0BE8B9}.Debug|Any CPU.ActiveCfg = Debug|Any CPU
		{4AFC6480-7BA0-4E6D-959D-3549FC0BE8B9}.Debug|Any CPU.Build.0 = Debug|Any CPU
		{4AFC6480-7BA0-4E6D-959D-3549FC0BE8B9}.Release|Any CPU.ActiveCfg = Release|Any CPU
		{4AFC6480-7BA0-4E6D-959D-3549FC0BE8B9}.Release|Any CPU.Build.0 = Release|Any CPU
		{2646FE31-BF7F-4EE5-BA8E-135982E12805}.Debug|Any CPU.ActiveCfg = Debug|Any CPU
		{2646FE31-BF7F-4EE5-BA8E-135982E12805}.Debug|Any CPU.Build.0 = Debug|Any CPU
		{2646FE31-BF7F-4EE5-BA8E-135982E12805}.Release|Any CPU.ActiveCfg = Release|Any CPU
		{2646FE31-BF7F-4EE5-BA8E-135982E12805}.Release|Any CPU.Build.0 = Release|Any CPU
		{DAC41D84-2976-490B-93F0-34F2641E0F51}.Debug|Any CPU.ActiveCfg = Debug|Any CPU
		{DAC41D84-2976-490B-93F0-34F2641E0F51}.Debug|Any CPU.Build.0 = Debug|Any CPU
		{DAC41D84-2976-490B-93F0-34F2641E0F51}.Release|Any CPU.ActiveCfg = Release|Any CPU
		{DAC41D84-2976-490B-93F0-34F2641E0F51}.Release|Any CPU.Build.0 = Release|Any CPU
		{BD6C7770-0C48-449D-AF16-507B1C9D92A7}.Debug|Any CPU.ActiveCfg = Debug|Any CPU
		{BD6C7770-0C48-449D-AF16-507B1C9D92A7}.Debug|Any CPU.Build.0 = Debug|Any CPU
		{BD6C7770-0C48-449D-AF16-507B1C9D92A7}.Release|Any CPU.ActiveCfg = Release|Any CPU
		{BD6C7770-0C48-449D-AF16-507B1C9D92A7}.Release|Any CPU.Build.0 = Release|Any CPU
		{74E5AD0E-0443-41B7-AA7D-DD424558700B}.Debug|Any CPU.ActiveCfg = Debug|Any CPU
		{74E5AD0E-0443-41B7-AA7D-DD424558700B}.Debug|Any CPU.Build.0 = Debug|Any CPU
		{74E5AD0E-0443-41B7-AA7D-DD424558700B}.Release|Any CPU.ActiveCfg = Release|Any CPU
		{74E5AD0E-0443-41B7-AA7D-DD424558700B}.Release|Any CPU.Build.0 = Release|Any CPU
		{91839529-E24B-43EA-AE07-4CAEE0FA6D2B}.Debug|Any CPU.ActiveCfg = Debug|Any CPU
		{91839529-E24B-43EA-AE07-4CAEE0FA6D2B}.Debug|Any CPU.Build.0 = Debug|Any CPU
		{91839529-E24B-43EA-AE07-4CAEE0FA6D2B}.Release|Any CPU.ActiveCfg = Release|Any CPU
		{91839529-E24B-43EA-AE07-4CAEE0FA6D2B}.Release|Any CPU.Build.0 = Release|Any CPU
	EndGlobalSection
	GlobalSection(SolutionProperties) = preSolution
		HideSolutionNode = FALSE
	EndGlobalSection
EndGlobal
